
Microsoft Visual Studio Solution File, Format Version 12.00
# Visual Studio Version 17
VisualStudioVersion = 17.4.33213.308
MinimumVisualStudioVersion = 10.0.40219.1
Project("{9A19103F-16F7-4668-BE54-9A1E7A4F7556}") = "WorkHive.Server", "WorkHive.Server\WorkHive.Server.csproj", "{4503E7DE-81E4-48B6-93EB-BAD0F25984B8}"
EndProject
Project("{9A19103F-16F7-4668-BE54-9A1E7A4F7556}") = "WorkHive.Application", "WorkHive.Application\WorkHive.Application.csproj", "{F2119787-CAAA-4DC5-8323-6F45388BAFC9}"
EndProject
Project("{9A19103F-16F7-4668-BE54-9A1E7A4F7556}") = "WorkHive.Core", "WorkHive.Core\WorkHive.Core.csproj", "{78265B92-A6C5-4AD5-96A4-3FFE54259274}"
EndProject
Project("{9A19103F-16F7-4668-BE54-9A1E7A4F7556}") = "WorkHive.Infrastructure", "WorkHive.Infrastructure\WorkHive.Infrastructure.csproj", "{8F83DFC2-AC25-4726-94A7-E205AA082DDF}"
EndProject
Project("{2150E333-8FDC-42A3-9474-1A3956D46DE8}") = "Tests", "Tests", "{19954B62-B23D-4DE9-9111-9FBA00D90338}"
EndProject
Project("{FAE04EC0-301F-11D3-BF4B-00C04F79EFBC}") = "WotkHive.UnitTest", "WotkHive.UnitTest\WotkHive.UnitTest.csproj", "{C021E65E-06B7-483F-9321-C7A35FE992F8}"
EndProject
Project("{FAE04EC0-301F-11D3-BF4B-00C04F79EFBC}") = "WorkHive.Common", "WorkHive.Common\WorkHive.Common.csproj", "{98E33FE8-1E08-4971-A049-DCFF4721E7E6}"
EndProject
Global
	GlobalSection(SolutionConfigurationPlatforms) = preSolution
		Debug|Any CPU = Debug|Any CPU
		Release|Any CPU = Release|Any CPU
	EndGlobalSection
	GlobalSection(ProjectConfigurationPlatforms) = postSolution
		{4503E7DE-81E4-48B6-93EB-BAD0F25984B8}.Debug|Any CPU.ActiveCfg = Debug|Any CPU
		{4503E7DE-81E4-48B6-93EB-BAD0F25984B8}.Debug|Any CPU.Build.0 = Debug|Any CPU
		{4503E7DE-81E4-48B6-93EB-BAD0F25984B8}.Release|Any CPU.ActiveCfg = Release|Any CPU
		{4503E7DE-81E4-48B6-93EB-BAD0F25984B8}.Release|Any CPU.Build.0 = Release|Any CPU
		{F2119787-CAAA-4DC5-8323-6F45388BAFC9}.Debug|Any CPU.ActiveCfg = Debug|Any CPU
		{F2119787-CAAA-4DC5-8323-6F45388BAFC9}.Debug|Any CPU.Build.0 = Debug|Any CPU
		{F2119787-CAAA-4DC5-8323-6F45388BAFC9}.Release|Any CPU.ActiveCfg = Release|Any CPU
		{F2119787-CAAA-4DC5-8323-6F45388BAFC9}.Release|Any CPU.Build.0 = Release|Any CPU
		{78265B92-A6C5-4AD5-96A4-3FFE54259274}.Debug|Any CPU.ActiveCfg = Debug|Any CPU
		{78265B92-A6C5-4AD5-96A4-3FFE54259274}.Debug|Any CPU.Build.0 = Debug|Any CPU
		{78265B92-A6C5-4AD5-96A4-3FFE54259274}.Release|Any CPU.ActiveCfg = Release|Any CPU
		{78265B92-A6C5-4AD5-96A4-3FFE54259274}.Release|Any CPU.Build.0 = Release|Any CPU
		{8F83DFC2-AC25-4726-94A7-E205AA082DDF}.Debug|Any CPU.ActiveCfg = Debug|Any CPU
		{8F83DFC2-AC25-4726-94A7-E205AA082DDF}.Debug|Any CPU.Build.0 = Debug|Any CPU
		{8F83DFC2-AC25-4726-94A7-E205AA082DDF}.Release|Any CPU.ActiveCfg = Release|Any CPU
		{8F83DFC2-AC25-4726-94A7-E205AA082DDF}.Release|Any CPU.Build.0 = Release|Any CPU
		{C021E65E-06B7-483F-9321-C7A35FE992F8}.Debug|Any CPU.ActiveCfg = Debug|Any CPU
		{C021E65E-06B7-483F-9321-C7A35FE992F8}.Debug|Any CPU.Build.0 = Debug|Any CPU
		{C021E65E-06B7-483F-9321-C7A35FE992F8}.Release|Any CPU.ActiveCfg = Release|Any CPU
		{C021E65E-06B7-483F-9321-C7A35FE992F8}.Release|Any CPU.Build.0 = Release|Any CPU
		{98E33FE8-1E08-4971-A049-DCFF4721E7E6}.Debug|Any CPU.ActiveCfg = Debug|Any CPU
		{98E33FE8-1E08-4971-A049-DCFF4721E7E6}.Debug|Any CPU.Build.0 = Debug|Any CPU
		{98E33FE8-1E08-4971-A049-DCFF4721E7E6}.Release|Any CPU.ActiveCfg = Release|Any CPU
		{98E33FE8-1E08-4971-A049-DCFF4721E7E6}.Release|Any CPU.Build.0 = Release|Any CPU
	EndGlobalSection
	GlobalSection(SolutionProperties) = preSolution
		HideSolutionNode = FALSE
	EndGlobalSection
	GlobalSection(NestedProjects) = preSolution
		{C021E65E-06B7-483F-9321-C7A35FE992F8} = {19954B62-B23D-4DE9-9111-9FBA00D90338}
	EndGlobalSection
	GlobalSection(ExtensibilityGlobals) = postSolution
		SolutionGuid = {BD0DAF48-7B6E-471D-BFC2-6A90D72E2B07}
	EndGlobalSection
EndGlobal
